// !$*UTF8*$!
{
	archiveVersion = 1;
	classes = {
	};
	objectVersion = 46;
	objects = {

/* Begin PBXBuildFile section */
		CB3454A41C20829D000F0877 /* Product.m in Sources */ = {isa = PBXBuildFile; fileRef = CB3454A31C20829D000F0877 /* Product.m */; };
		CBB1A46D1C1B37FF0076752E /* main.m in Sources */ = {isa = PBXBuildFile; fileRef = CBB1A46C1C1B37FF0076752E /* main.m */; };
		CBB1A4701C1B37FF0076752E /* AppDelegate.m in Sources */ = {isa = PBXBuildFile; fileRef = CBB1A46F1C1B37FF0076752E /* AppDelegate.m */; };
		CBB1A4731C1B37FF0076752E /* LZTaskManger.xcdatamodeld in Sources */ = {isa = PBXBuildFile; fileRef = CBB1A4711C1B37FF0076752E /* LZTaskManger.xcdatamodeld */; };
		CBB1A4761C1B37FF0076752E /* MasterViewController.m in Sources */ = {isa = PBXBuildFile; fileRef = CBB1A4751C1B37FF0076752E /* MasterViewController.m */; };
		CBB1A4791C1B37FF0076752E /* DetailViewController.m in Sources */ = {isa = PBXBuildFile; fileRef = CBB1A4781C1B37FF0076752E /* DetailViewController.m */; };
		CBB1A47C1C1B37FF0076752E /* Main.storyboard in Resources */ = {isa = PBXBuildFile; fileRef = CBB1A47A1C1B37FF0076752E /* Main.storyboard */; };
		CBB1A47E1C1B37FF0076752E /* Images.xcassets in Resources */ = {isa = PBXBuildFile; fileRef = CBB1A47D1C1B37FF0076752E /* Images.xcassets */; };
		CBB1A4811C1B37FF0076752E /* LaunchScreen.xib in Resources */ = {isa = PBXBuildFile; fileRef = CBB1A47F1C1B37FF0076752E /* LaunchScreen.xib */; };
		CBB1A48D1C1B37FF0076752E /* LZTaskMangerTests.m in Sources */ = {isa = PBXBuildFile; fileRef = CBB1A48C1C1B37FF0076752E /* LZTaskMangerTests.m */; };
		CBB1A4981C1B48CF0076752E /* LZAddTaskViewController.m in Sources */ = {isa = PBXBuildFile; fileRef = CBB1A4971C1B48CF0076752E /* LZAddTaskViewController.m */; };
/* End PBXBuildFile section */

/* Begin PBXContainerItemProxy section */
		CBB1A4871C1B37FF0076752E /* PBXContainerItemProxy */ = {
			isa = PBXContainerItemProxy;
			containerPortal = CBB1A45F1C1B37FF0076752E /* Project object */;
			proxyType = 1;
			remoteGlobalIDString = CBB1A4661C1B37FF0076752E;
			remoteInfo = LZTaskManger;
		};
/* End PBXContainerItemProxy section */

/* Begin PBXFileReference section */
		CB3454A21C20829D000F0877 /* Product.h */ = {isa = PBXFileReference; fileEncoding = 4; lastKnownFileType = sourcecode.c.h; path = Product.h; sourceTree = "<group>"; };
		CB3454A31C20829D000F0877 /* Product.m */ = {isa = PBXFileReference; fileEncoding = 4; lastKnownFileType = sourcecode.c.objc; path = Product.m; sourceTree = "<group>"; };
		CBB1A4671C1B37FF0076752E /* LZTaskManger.app */ = {isa = PBXFileReference; explicitFileType = wrapper.application; includeInIndex = 0; path = LZTaskManger.app; sourceTree = BUILT_PRODUCTS_DIR; };
		CBB1A46B1C1B37FF0076752E /* Info.plist */ = {isa = PBXFileReference; lastKnownFileType = text.plist.xml; path = Info.plist; sourceTree = "<group>"; };
		CBB1A46C1C1B37FF0076752E /* main.m */ = {isa = PBXFileReference; lastKnownFileType = sourcecode.c.objc; path = main.m; sourceTree = "<group>"; };
		CBB1A46E1C1B37FF0076752E /* AppDelegate.h */ = {isa = PBXFileReference; lastKnownFileType = sourcecode.c.h; path = AppDelegate.h; sourceTree = "<group>"; };
		CBB1A46F1C1B37FF0076752E /* AppDelegate.m */ = {isa = PBXFileReference; lastKnownFileType = sourcecode.c.objc; path = AppDelegate.m; sourceTree = "<group>"; };
		CBB1A4721C1B37FF0076752E /* LZTaskManger.xcdatamodel */ = {isa = PBXFileReference; lastKnownFileType = wrapper.xcdatamodel; path = LZTaskManger.xcdatamodel; sourceTree = "<group>"; };
		CBB1A4741C1B37FF0076752E /* MasterViewController.h */ = {isa = PBXFileReference; lastKnownFileType = sourcecode.c.h; path = MasterViewController.h; sourceTree = "<group>"; };
		CBB1A4751C1B37FF0076752E /* MasterViewController.m */ = {isa = PBXFileReference; lastKnownFileType = sourcecode.c.objc; path = MasterViewController.m; sourceTree = "<group>"; };
		CBB1A4771C1B37FF0076752E /* DetailViewController.h */ = {isa = PBXFileReference; lastKnownFileType = sourcecode.c.h; path = DetailViewController.h; sourceTree = "<group>"; };
		CBB1A4781C1B37FF0076752E /* DetailViewController.m */ = {isa = PBXFileReference; lastKnownFileType = sourcecode.c.objc; path = DetailViewController.m; sourceTree = "<group>"; };
		CBB1A47B1C1B37FF0076752E /* Base */ = {isa = PBXFileReference; lastKnownFileType = file.storyboard; name = Base; path = Base.lproj/Main.storyboard; sourceTree = "<group>"; };
		CBB1A47D1C1B37FF0076752E /* Images.xcassets */ = {isa = PBXFileReference; lastKnownFileType = folder.assetcatalog; path = Images.xcassets; sourceTree = "<group>"; };
		CBB1A4801C1B37FF0076752E /* Base */ = {isa = PBXFileReference; lastKnownFileType = file.xib; name = Base; path = Base.lproj/LaunchScreen.xib; sourceTree = "<group>"; };
		CBB1A4861C1B37FF0076752E /* LZTaskMangerTests.xctest */ = {isa = PBXFileReference; explicitFileType = wrapper.cfbundle; includeInIndex = 0; path = LZTaskMangerTests.xctest; sourceTree = BUILT_PRODUCTS_DIR; };
		CBB1A48B1C1B37FF0076752E /* Info.plist */ = {isa = PBXFileReference; lastKnownFileType = text.plist.xml; path = Info.plist; sourceTree = "<group>"; };
		CBB1A48C1C1B37FF0076752E /* LZTaskMangerTests.m */ = {isa = PBXFileReference; lastKnownFileType = sourcecode.c.objc; path = LZTaskMangerTests.m; sourceTree = "<group>"; };
		CBB1A4961C1B48CF0076752E /* LZAddTaskViewController.h */ = {isa = PBXFileReference; fileEncoding = 4; lastKnownFileType = sourcecode.c.h; path = LZAddTaskViewController.h; sourceTree = "<group>"; };
		CBB1A4971C1B48CF0076752E /* LZAddTaskViewController.m */ = {isa = PBXFileReference; fileEncoding = 4; lastKnownFileType = sourcecode.c.objc; path = LZAddTaskViewController.m; sourceTree = "<group>"; };
/* End PBXFileReference section */

/* Begin PBXFrameworksBuildPhase section */
		CBB1A4641C1B37FF0076752E /* Frameworks */ = {
			isa = PBXFrameworksBuildPhase;
			buildActionMask = 2147483647;
			files = (
			);
			runOnlyForDeploymentPostprocessing = 0;
		};
		CBB1A4831C1B37FF0076752E /* Frameworks */ = {
			isa = PBXFrameworksBuildPhase;
			buildActionMask = 2147483647;
			files = (
			);
			runOnlyForDeploymentPostprocessing = 0;
		};
/* End PBXFrameworksBuildPhase section */

/* Begin PBXGroup section */
		CBB1A45E1C1B37FF0076752E = {
			isa = PBXGroup;
			children = (
				CBB1A4691C1B37FF0076752E /* LZTaskManger */,
				CBB1A4891C1B37FF0076752E /* LZTaskMangerTests */,
				CBB1A4681C1B37FF0076752E /* Products */,
			);
			sourceTree = "<group>";
		};
		CBB1A4681C1B37FF0076752E /* Products */ = {
			isa = PBXGroup;
			children = (
				CBB1A4671C1B37FF0076752E /* LZTaskManger.app */,
				CBB1A4861C1B37FF0076752E /* LZTaskMangerTests.xctest */,
			);
			name = Products;
			sourceTree = "<group>";
		};
		CBB1A4691C1B37FF0076752E /* LZTaskManger */ = {
			isa = PBXGroup;
			children = (
				CBB1A46E1C1B37FF0076752E /* AppDelegate.h */,
				CBB1A46F1C1B37FF0076752E /* AppDelegate.m */,
				CBB1A4741C1B37FF0076752E /* MasterViewController.h */,
				CBB1A4751C1B37FF0076752E /* MasterViewController.m */,
				CBB1A4771C1B37FF0076752E /* DetailViewController.h */,
				CBB1A4781C1B37FF0076752E /* DetailViewController.m */,
				CBB1A47A1C1B37FF0076752E /* Main.storyboard */,
				CBB1A47D1C1B37FF0076752E /* Images.xcassets */,
				CBB1A47F1C1B37FF0076752E /* LaunchScreen.xib */,
				CBB1A4711C1B37FF0076752E /* LZTaskManger.xcdatamodeld */,
				CB3454A21C20829D000F0877 /* Product.h */,
				CB3454A31C20829D000F0877 /* Product.m */,
				CBB1A46A1C1B37FF0076752E /* Supporting Files */,
				CBB1A4961C1B48CF0076752E /* LZAddTaskViewController.h */,
				CBB1A4971C1B48CF0076752E /* LZAddTaskViewController.m */,
			);
			path = LZTaskManger;
			sourceTree = "<group>";
		};
		CBB1A46A1C1B37FF0076752E /* Supporting Files */ = {
			isa = PBXGroup;
			children = (
				CBB1A46B1C1B37FF0076752E /* Info.plist */,
				CBB1A46C1C1B37FF0076752E /* main.m */,
			);
			name = "Supporting Files";
			sourceTree = "<group>";
		};
		CBB1A4891C1B37FF0076752E /* LZTaskMangerTests */ = {
			isa = PBXGroup;
			children = (
				CBB1A48C1C1B37FF0076752E /* LZTaskMangerTests.m */,
				CBB1A48A1C1B37FF0076752E /* Supporting Files */,
			);
			path = LZTaskMangerTests;
			sourceTree = "<group>";
		};
		CBB1A48A1C1B37FF0076752E /* Supporting Files */ = {
			isa = PBXGroup;
			children = (
				CBB1A48B1C1B37FF0076752E /* Info.plist */,
			);
			name = "Supporting Files";
			sourceTree = "<group>";
		};
/* End PBXGroup section */

/* Begin PBXNativeTarget section */
		CBB1A4661C1B37FF0076752E /* LZTaskManger */ = {
			isa = PBXNativeTarget;
			buildConfigurationList = CBB1A4901C1B37FF0076752E /* Build configuration list for PBXNativeTarget "LZTaskManger" */;
			buildPhases = (
				CBB1A4631C1B37FF0076752E /* Sources */,
				CBB1A4641C1B37FF0076752E /* Frameworks */,
				CBB1A4651C1B37FF0076752E /* Resources */,
			);
			buildRules = (
			);
			dependencies = (
			);
			name = LZTaskManger;
			productName = LZTaskManger;
			productReference = CBB1A4671C1B37FF0076752E /* LZTaskManger.app */;
			productType = "com.apple.product-type.application";
		};
		CBB1A4851C1B37FF0076752E /* LZTaskMangerTests */ = {
			isa = PBXNativeTarget;
			buildConfigurationList = CBB1A4931C1B37FF0076752E /* Build configuration list for PBXNativeTarget "LZTaskMangerTests" */;
			buildPhases = (
				CBB1A4821C1B37FF0076752E /* Sources */,
				CBB1A4831C1B37FF0076752E /* Frameworks */,
				CBB1A4841C1B37FF0076752E /* Resources */,
			);
			buildRules = (
			);
			dependencies = (
				CBB1A4881C1B37FF0076752E /* PBXTargetDependency */,
			);
			name = LZTaskMangerTests;
			productName = LZTaskMangerTests;
			productReference = CBB1A4861C1B37FF0076752E /* LZTaskMangerTests.xctest */;
			productType = "com.apple.product-type.bundle.unit-test";
		};
/* End PBXNativeTarget section */

/* Begin PBXProject section */
		CBB1A45F1C1B37FF0076752E /* Project object */ = {
			isa = PBXProject;
			attributes = {
				LastUpgradeCheck = 0630;
				ORGANIZATIONNAME = com.comst1314;
				TargetAttributes = {
					CBB1A4661C1B37FF0076752E = {
						CreatedOnToolsVersion = 6.3.2;
					};
					CBB1A4851C1B37FF0076752E = {
						CreatedOnToolsVersion = 6.3.2;
						TestTargetID = CBB1A4661C1B37FF0076752E;
					};
				};
			};
			buildConfigurationList = CBB1A4621C1B37FF0076752E /* Build configuration list for PBXProject "LZTaskManger" */;
			compatibilityVersion = "Xcode 3.2";
			developmentRegion = English;
			hasScannedForEncodings = 0;
			knownRegions = (
				en,
				Base,
			);
			mainGroup = CBB1A45E1C1B37FF0076752E;
			productRefGroup = CBB1A4681C1B37FF0076752E /* Products */;
			projectDirPath = "";
			projectRoot = "";
			targets = (
				CBB1A4661C1B37FF0076752E /* LZTaskManger */,
				CBB1A4851C1B37FF0076752E /* LZTaskMangerTests */,
			);
		};
/* End PBXProject section */

/* Begin PBXResourcesBuildPhase section */
		CBB1A4651C1B37FF0076752E /* Resources */ = {
			isa = PBXResourcesBuildPhase;
			buildActionMask = 2147483647;
			files = (
				CBB1A47C1C1B37FF0076752E /* Main.storyboard in Resources */,
				CBB1A4811C1B37FF0076752E /* LaunchScreen.xib in Resources */,
				CBB1A47E1C1B37FF0076752E /* Images.xcassets in Resources */,
			);
			runOnlyForDeploymentPostprocessing = 0;
		};
		CBB1A4841C1B37FF0076752E /* Resources */ = {
			isa = PBXResourcesBuildPhase;
			buildActionMask = 2147483647;
			files = (
			);
			runOnlyForDeploymentPostprocessing = 0;
		};
/* End PBXResourcesBuildPhase section */

/* Begin PBXSourcesBuildPhase section */
		CBB1A4631C1B37FF0076752E /* Sources */ = {
			isa = PBXSourcesBuildPhase;
			buildActionMask = 2147483647;
			files = (
				CB3454A41C20829D000F0877 /* Product.m in Sources */,
				CBB1A4791C1B37FF0076752E /* DetailViewController.m in Sources */,
				CBB1A4981C1B48CF0076752E /* LZAddTaskViewController.m in Sources */,
				CBB1A4761C1B37FF0076752E /* MasterViewController.m in Sources */,
				CBB1A4701C1B37FF0076752E /* AppDelegate.m in Sources */,
				CBB1A46D1C1B37FF0076752E /* main.m in Sources */,
				CBB1A4731C1B37FF0076752E /* LZTaskManger.xcdatamodeld in Sources */,
			);
			runOnlyForDeploymentPostprocessing = 0;
		};
		CBB1A4821C1B37FF0076752E /* Sources */ = {
			isa = PBXSourcesBuildPhase;
			buildActionMask = 2147483647;
			files = (
				CBB1A48D1C1B37FF0076752E /* LZTaskMangerTests.m in Sources */,
			);
			runOnlyForDeploymentPostprocessing = 0;
		};
/* End PBXSourcesBuildPhase section */

/* Begin PBXTargetDependency section */
		CBB1A4881C1B37FF0076752E /* PBXTargetDependency */ = {
			isa = PBXTargetDependency;
			target = CBB1A4661C1B37FF0076752E /* LZTaskManger */;
			targetProxy = CBB1A4871C1B37FF0076752E /* PBXContainerItemProxy */;
		};
/* End PBXTargetDependency section */

/* Begin PBXVariantGroup section */
		CBB1A47A1C1B37FF0076752E /* Main.storyboard */ = {
			isa = PBXVariantGroup;
			children = (
				CBB1A47B1C1B37FF0076752E /* Base */,
			);
			name = Main.storyboard;
			sourceTree = "<group>";
		};
		CBB1A47F1C1B37FF0076752E /* LaunchScreen.xib */ = {
			isa = PBXVariantGroup;
			children = (
				CBB1A4801C1B37FF0076752E /* Base */,
			);
			name = LaunchScreen.xib;
			sourceTree = "<group>";
		};
/* End PBXVariantGroup section */

/* Begin XCBuildConfiguration section */
		CBB1A48E1C1B37FF0076752E /* Debug */ = {
			isa = XCBuildConfiguration;
			buildSettings = {
				ALWAYS_SEARCH_USER_PATHS = NO;
				CLANG_CXX_LANGUAGE_STANDARD = "gnu++0x";
				CLANG_CXX_LIBRARY = "libc++";
				CLANG_ENABLE_MODULES = YES;
				CLANG_ENABLE_OBJC_ARC = YES;
				CLANG_WARN_BOOL_CONVERSION = YES;
				CLANG_WARN_CONSTANT_CONVERSION = YES;
				CLANG_WARN_DIRECT_OBJC_ISA_USAGE = YES_ERROR;
				CLANG_WARN_EMPTY_BODY = YES;
				CLANG_WARN_ENUM_CONVERSION = YES;
				CLANG_WARN_INT_CONVERSION = YES;
				CLANG_WARN_OBJC_ROOT_CLASS = YES_ERROR;
				CLANG_WARN_UNREACHABLE_CODE = YES;
				CLANG_WARN__DUPLICATE_METHOD_MATCH = YES;
				"CODE_SIGN_IDENTITY[sdk=iphoneos*]" = "iPhone Developer";
				COPY_PHASE_STRIP = NO;
				DEBUG_INFORMATION_FORMAT = "dwarf-with-dsym";
				ENABLE_STRICT_OBJC_MSGSEND = YES;
				GCC_C_LANGUAGE_STANDARD = gnu99;
				GCC_DYNAMIC_NO_PIC = NO;
				GCC_NO_COMMON_BLOCKS = YES;
				GCC_OPTIMIZATION_LEVEL = 0;
				GCC_PREPROCESSOR_DEFINITIONS = (
					"DEBUG=1",
					"$(inherited)",
				);
				GCC_SYMBOLS_PRIVATE_EXTERN = NO;
				GCC_WARN_64_TO_32_BIT_CONVERSION = YES;
				GCC_WARN_ABOUT_RETURN_TYPE = YES_ERROR;
				GCC_WARN_UNDECLARED_SELECTOR = YES;
				GCC_WARN_UNINITIALIZED_AUTOS = YES_AGGRESSIVE;
				GCC_WARN_UNUSED_FUNCTION = YES;
				GCC_WARN_UNUSED_VARIABLE = YES;
				IPHONEOS_DEPLOYMENT_TARGET = 8.3;
				MTL_ENABLE_DEBUG_INFO = YES;
				ONLY_ACTIVE_ARCH = YES;
				SDKROOT = iphoneos;
			};
			name = Debug;
		};
		CBB1A48F1C1B37FF0076752E /* Release */ = {
			isa = XCBuildConfiguration;
			buildSettings = {
				ALWAYS_SEARCH_USER_PATHS = NO;
				CLANG_CXX_LANGUAGE_STANDARD = "gnu++0x";
				CLANG_CXX_LIBRARY = "libc++";
				CLANG_ENABLE_MODULES = YES;
				CLANG_ENABLE_OBJC_ARC = YES;
				CLANG_WARN_BOOL_CONVERSION = YES;
				CLANG_WARN_CONSTANT_CONVERSION = YES;
				CLANG_WARN_DIRECT_OBJC_ISA_USAGE = YES_ERROR;
				CLANG_WARN_EMPTY_BODY = YES;
				CLANG_WARN_ENUM_CONVERSION = YES;
				CLANG_WARN_INT_CONVERSION = YES;
				CLANG_WARN_OBJC_ROOT_CLASS = YES_ERROR;
				CLANG_WARN_UNREACHABLE_CODE = YES;
				CLANG_WARN__DUPLICATE_METHOD_MATCH = YES;
				"CODE_SIGN_IDENTITY[sdk=iphoneos*]" = "iPhone Developer";
				COPY_PHASE_STRIP = NO;
				DEBUG_INFORMATION_FORMAT = "dwarf-with-dsym";
				ENABLE_NS_ASSERTIONS = NO;
				ENABLE_STRICT_OBJC_MSGSEND = YES;
				GCC_C_LANGUAGE_STANDARD = gnu99;
				GCC_NO_COMMON_BLOCKS = YES;
				GCC_WARN_64_TO_32_BIT_CONVERSION = YES;
				GCC_WARN_ABOUT_RETURN_TYPE = YES_ERROR;
				GCC_WARN_UNDECLARED_SELECTOR = YES;
				GCC_WARN_UNINITIALIZED_AUTOS = YES_AGGRESSIVE;
				GCC_WARN_UNUSED_FUNCTION = YES;
				GCC_WARN_UNUSED_VARIABLE = YES;
				IPHONEOS_DEPLOYMENT_TARGET = 8.3;
				MTL_ENABLE_DEBUG_INFO = NO;
				SDKROOT = iphoneos;
				VALIDATE_PRODUCT = YES;
			};
			name = Release;
		};
		CBB1A4911C1B37FF0076752E /* Debug */ = {
			isa = XCBuildConfiguration;
			buildSettings = {
				ASSETCATALOG_COMPILER_APPICON_NAME = AppIcon;
				INFOPLIST_FILE = LZTaskManger/Info.plist;
				LD_RUNPATH_SEARCH_PATHS = "$(inherited) @executable_path/Frameworks";
				PRODUCT_NAME = "$(TARGET_NAME)";
			};
			name = Debug;
		};
		CBB1A4921C1B37FF0076752E /* Release */ = {
			isa = XCBuildConfiguration;
			buildSettings = {
				ASSETCATALOG_COMPILER_APPICON_NAME = AppIcon;
				INFOPLIST_FILE = LZTaskManger/Info.plist;
				LD_RUNPATH_SEARCH_PATHS = "$(inherited) @executable_path/Frameworks";
				PRODUCT_NAME = "$(TARGET_NAME)";
			};
			name = Release;
		};
		CBB1A4941C1B37FF0076752E /* Debug */ = {
			isa = XCBuildConfiguration;
			buildSettings = {
				BUNDLE_LOADER = "$(TEST_HOST)";
				FRAMEWORK_SEARCH_PATHS = (
					"$(SDKROOT)/Developer/Library/Frameworks",
					"$(inherited)",
				);
				GCC_PREPROCESSOR_DEFINITIONS = (
					"DEBUG=1",
					"$(inherited)",
				);
				INFOPLIST_FILE = LZTaskMangerTests/Info.plist;
				LD_RUNPATH_SEARCH_PATHS = "$(inherited) @executable_path/Frameworks @loader_path/Frameworks";
				PRODUCT_NAME = "$(TARGET_NAME)";
				TEST_HOST = "$(BUILT_PRODUCTS_DIR)/LZTaskManger.app/LZTaskManger";
			};
			name = Debug;
		};
		CBB1A4951C1B37FF0076752E /* Release */ = {
			isa = XCBuildConfiguration;
			buildSettings = {
				BUNDLE_LOADER = "$(TEST_HOST)";
				FRAMEWORK_SEARCH_PATHS = (
					"$(SDKROOT)/Developer/Library/Frameworks",
					"$(inherited)",
				);
				INFOPLIST_FILE = LZTaskMangerTests/Info.plist;
				LD_RUNPATH_SEARCH_PATHS = "$(inherited) @executable_path/Frameworks @loader_path/Frameworks";
				PRODUCT_NAME = "$(TARGET_NAME)";
				TEST_HOST = "$(BUILT_PRODUCTS_DIR)/LZTaskManger.app/LZTaskManger";
			};
			name = Release;
		};
/* End XCBuildConfiguration section */

/* Begin XCConfigurationList section */
		CBB1A4621C1B37FF0076752E /* Build configuration list for PBXProject "LZTaskManger" */ = {
			isa = XCConfigurationList;
			buildConfigurations = (
				CBB1A48E1C1B37FF0076752E /* Debug */,
				CBB1A48F1C1B37FF0076752E /* Release */,
			);
			defaultConfigurationIsVisible = 0;
			defaultConfigurationName = Release;
		};
		CBB1A4901C1B37FF0076752E /* Build configuration list for PBXNativeTarget "LZTaskManger" */ = {
			isa = XCConfigurationList;
			buildConfigurations = (
				CBB1A4911C1B37FF0076752E /* Debug */,
				CBB1A4921C1B37FF0076752E /* Release */,
			);
			defaultConfigurationIsVisible = 0;
			defaultConfigurationName = Release;
		};
		CBB1A4931C1B37FF0076752E /* Build configuration list for PBXNativeTarget "LZTaskMangerTests" */ = {
			isa = XCConfigurationList;
			buildConfigurations = (
				CBB1A4941C1B37FF0076752E /* Debug */,
				CBB1A4951C1B37FF0076752E /* Release */,
			);
			defaultConfigurationIsVisible = 0;
			defaultConfigurationName = Release;
		};
/* End XCConfigurationList section */

/* Begin XCVersionGroup section */
		CBB1A4711C1B37FF0076752E /* LZTaskManger.xcdatamodeld */ = {
			isa = XCVersionGroup;
			children = (
				CBB1A4721C1B37FF0076752E /* LZTaskManger.xcdatamodel */,
			);
			currentVersion = CBB1A4721C1B37FF0076752E /* LZTaskManger.xcdatamodel */;
			path = LZTaskManger.xcdatamodeld;
			sourceTree = "<group>";
			versionGroupType = wrapper.xcdatamodel;
		};
/* End XCVersionGroup section */
	};
	rootObject = CBB1A45F1C1B37FF0076752E /* Project object */;
}
